// !$*UTF8*$!
{
	archiveVersion = 1;
	classes = {
	};
	objectVersion = 55;
	objects = {

/* Begin PBXBuildFile section */
		D58D3EA9281FF3FF007A8BDA /* AppDelegate.swift in Sources */ = {isa = PBXBuildFile; fileRef = D58D3EA8281FF3FF007A8BDA /* AppDelegate.swift */; };
		D58D3EAB281FF3FF007A8BDA /* SceneDelegate.swift in Sources */ = {isa = PBXBuildFile; fileRef = D58D3EAA281FF3FF007A8BDA /* SceneDelegate.swift */; };
		D58D3EAD281FF3FF007A8BDA /* ViewController.swift in Sources */ = {isa = PBXBuildFile; fileRef = D58D3EAC281FF3FF007A8BDA /* ViewController.swift */; };
		D58D3EB2281FF401007A8BDA /* Assets.xcassets in Resources */ = {isa = PBXBuildFile; fileRef = D58D3EB1281FF401007A8BDA /* Assets.xcassets */; };
		D58D3EB5281FF401007A8BDA /* LaunchScreen.storyboard in Resources */ = {isa = PBXBuildFile; fileRef = D58D3EB3281FF401007A8BDA /* LaunchScreen.storyboard */; };
		D58D3EBE28293B86007A8BDA /* PhotoPickerViewController.swift in Sources */ = {isa = PBXBuildFile; fileRef = D58D3EBD28293B86007A8BDA /* PhotoPickerViewController.swift */; };
		D58D3EC428293D60007A8BDA /* PhotoPickerViewModel.swift in Sources */ = {isa = PBXBuildFile; fileRef = D58D3EC328293D60007A8BDA /* PhotoPickerViewModel.swift */; };
		D58D3EC628293D94007A8BDA /* PhotoPickerView.swift in Sources */ = {isa = PBXBuildFile; fileRef = D58D3EC528293D94007A8BDA /* PhotoPickerView.swift */; };
		D58D3ECE28294C42007A8BDA /* PIXOUITests.swift in Sources */ = {isa = PBXBuildFile; fileRef = D58D3ECD28294C42007A8BDA /* PIXOUITests.swift */; };
		D58D3ED028294C42007A8BDA /* PIXOUITestsLaunchTests.swift in Sources */ = {isa = PBXBuildFile; fileRef = D58D3ECF28294C42007A8BDA /* PIXOUITestsLaunchTests.swift */; };
		D58D3ED828294CE9007A8BDA /* Then in Frameworks */ = {isa = PBXBuildFile; productRef = D58D3ED728294CE9007A8BDA /* Then */; };
		D58D3EDB28294CF7007A8BDA /* SnapKit in Frameworks */ = {isa = PBXBuildFile; productRef = D58D3EDA28294CF7007A8BDA /* SnapKit */; };
		D58D3EDD282951C0007A8BDA /* PhotoPickerCollectionViewCell.swift in Sources */ = {isa = PBXBuildFile; fileRef = D58D3EDC282951C0007A8BDA /* PhotoPickerCollectionViewCell.swift */; };
		D58D3EE0282952CB007A8BDA /* Constant.swift in Sources */ = {isa = PBXBuildFile; fileRef = D58D3EDF282952CB007A8BDA /* Constant.swift */; };
/* End PBXBuildFile section */

/* Begin PBXContainerItemProxy section */
		D58D3ED128294C42007A8BDA /* PBXContainerItemProxy */ = {
			isa = PBXContainerItemProxy;
			containerPortal = D58D3E9D281FF3FF007A8BDA /* Project object */;
			proxyType = 1;
			remoteGlobalIDString = D58D3EA4281FF3FF007A8BDA;
			remoteInfo = PIXO;
		};
/* End PBXContainerItemProxy section */

/* Begin PBXFileReference section */
		D58D3EA5281FF3FF007A8BDA /* PIXO.app */ = {isa = PBXFileReference; explicitFileType = wrapper.application; includeInIndex = 0; path = PIXO.app; sourceTree = BUILT_PRODUCTS_DIR; };
		D58D3EA8281FF3FF007A8BDA /* AppDelegate.swift */ = {isa = PBXFileReference; lastKnownFileType = sourcecode.swift; path = AppDelegate.swift; sourceTree = "<group>"; };
		D58D3EAA281FF3FF007A8BDA /* SceneDelegate.swift */ = {isa = PBXFileReference; lastKnownFileType = sourcecode.swift; path = SceneDelegate.swift; sourceTree = "<group>"; };
		D58D3EAC281FF3FF007A8BDA /* ViewController.swift */ = {isa = PBXFileReference; lastKnownFileType = sourcecode.swift; path = ViewController.swift; sourceTree = "<group>"; };
		D58D3EB1281FF401007A8BDA /* Assets.xcassets */ = {isa = PBXFileReference; lastKnownFileType = folder.assetcatalog; path = Assets.xcassets; sourceTree = "<group>"; };
		D58D3EB4281FF401007A8BDA /* Base */ = {isa = PBXFileReference; lastKnownFileType = file.storyboard; name = Base; path = Base.lproj/LaunchScreen.storyboard; sourceTree = "<group>"; };
		D58D3EB6281FF401007A8BDA /* Info.plist */ = {isa = PBXFileReference; lastKnownFileType = text.plist.xml; path = Info.plist; sourceTree = "<group>"; };
		D58D3EBD28293B86007A8BDA /* PhotoPickerViewController.swift */ = {isa = PBXFileReference; lastKnownFileType = sourcecode.swift; path = PhotoPickerViewController.swift; sourceTree = "<group>"; };
		D58D3EC328293D60007A8BDA /* PhotoPickerViewModel.swift */ = {isa = PBXFileReference; lastKnownFileType = sourcecode.swift; path = PhotoPickerViewModel.swift; sourceTree = "<group>"; };
		D58D3EC528293D94007A8BDA /* PhotoPickerView.swift */ = {isa = PBXFileReference; lastKnownFileType = sourcecode.swift; path = PhotoPickerView.swift; sourceTree = "<group>"; };
		D58D3ECB28294C42007A8BDA /* PIXOUITests.xctest */ = {isa = PBXFileReference; explicitFileType = wrapper.cfbundle; includeInIndex = 0; path = PIXOUITests.xctest; sourceTree = BUILT_PRODUCTS_DIR; };
		D58D3ECD28294C42007A8BDA /* PIXOUITests.swift */ = {isa = PBXFileReference; lastKnownFileType = sourcecode.swift; path = PIXOUITests.swift; sourceTree = "<group>"; };
		D58D3ECF28294C42007A8BDA /* PIXOUITestsLaunchTests.swift */ = {isa = PBXFileReference; lastKnownFileType = sourcecode.swift; path = PIXOUITestsLaunchTests.swift; sourceTree = "<group>"; };
		D58D3EDC282951C0007A8BDA /* PhotoPickerCollectionViewCell.swift */ = {isa = PBXFileReference; lastKnownFileType = sourcecode.swift; path = PhotoPickerCollectionViewCell.swift; sourceTree = "<group>"; };
		D58D3EDF282952CB007A8BDA /* Constant.swift */ = {isa = PBXFileReference; lastKnownFileType = sourcecode.swift; path = Constant.swift; sourceTree = "<group>"; };
/* End PBXFileReference section */

/* Begin PBXFrameworksBuildPhase section */
		D58D3EA2281FF3FF007A8BDA /* Frameworks */ = {
			isa = PBXFrameworksBuildPhase;
			buildActionMask = 2147483647;
			files = (
				D58D3ED828294CE9007A8BDA /* Then in Frameworks */,
				D58D3EDB28294CF7007A8BDA /* SnapKit in Frameworks */,
			);
			runOnlyForDeploymentPostprocessing = 0;
		};
		D58D3EC828294C42007A8BDA /* Frameworks */ = {
			isa = PBXFrameworksBuildPhase;
			buildActionMask = 2147483647;
			files = (
			);
			runOnlyForDeploymentPostprocessing = 0;
		};
/* End PBXFrameworksBuildPhase section */

/* Begin PBXGroup section */
		D58D3E9C281FF3FF007A8BDA = {
			isa = PBXGroup;
			children = (
				D58D3EA7281FF3FF007A8BDA /* PIXO */,
				D58D3ECC28294C42007A8BDA /* PIXOUITests */,
				D58D3EA6281FF3FF007A8BDA /* Products */,
			);
			sourceTree = "<group>";
		};
		D58D3EA6281FF3FF007A8BDA /* Products */ = {
			isa = PBXGroup;
			children = (
				D58D3EA5281FF3FF007A8BDA /* PIXO.app */,
				D58D3ECB28294C42007A8BDA /* PIXOUITests.xctest */,
			);
			name = Products;
			sourceTree = "<group>";
		};
		D58D3EA7281FF3FF007A8BDA /* PIXO */ = {
			isa = PBXGroup;
			children = (
				D58D3EDE282952BF007A8BDA /* Extension */,
				D58D3EC228293D47007A8BDA /* ViewModel */,
				D58D3EC128293D3A007A8BDA /* View */,
				D58D3EBF28293BDD007A8BDA /* Support */,
				D58D3EBC281FF483007A8BDA /* Controller */,
				D58D3EB1281FF401007A8BDA /* Assets.xcassets */,
				D58D3EB3281FF401007A8BDA /* LaunchScreen.storyboard */,
				D58D3EB6281FF401007A8BDA /* Info.plist */,
			);
			path = PIXO;
			sourceTree = "<group>";
		};
		D58D3EBC281FF483007A8BDA /* Controller */ = {
			isa = PBXGroup;
			children = (
				D58D3EAC281FF3FF007A8BDA /* ViewController.swift */,
				D58D3EBD28293B86007A8BDA /* PhotoPickerViewController.swift */,
			);
			path = Controller;
			sourceTree = "<group>";
		};
		D58D3EBF28293BDD007A8BDA /* Support */ = {
			isa = PBXGroup;
			children = (
				D58D3EA8281FF3FF007A8BDA /* AppDelegate.swift */,
				D58D3EAA281FF3FF007A8BDA /* SceneDelegate.swift */,
			);
			path = Support;
			sourceTree = "<group>";
		};
		D58D3EC128293D3A007A8BDA /* View */ = {
			isa = PBXGroup;
			children = (
				D58D3EC528293D94007A8BDA /* PhotoPickerView.swift */,
				D58D3EDC282951C0007A8BDA /* PhotoPickerCollectionViewCell.swift */,
			);
			path = View;
			sourceTree = "<group>";
		};
		D58D3EC228293D47007A8BDA /* ViewModel */ = {
			isa = PBXGroup;
			children = (
				D58D3EC328293D60007A8BDA /* PhotoPickerViewModel.swift */,
			);
			path = ViewModel;
			sourceTree = "<group>";
		};
		D58D3ECC28294C42007A8BDA /* PIXOUITests */ = {
			isa = PBXGroup;
			children = (
				D58D3ECD28294C42007A8BDA /* PIXOUITests.swift */,
				D58D3ECF28294C42007A8BDA /* PIXOUITestsLaunchTests.swift */,
			);
			path = PIXOUITests;
			sourceTree = "<group>";
		};
		D58D3EDE282952BF007A8BDA /* Extension */ = {
			isa = PBXGroup;
			children = (
				D58D3EDF282952CB007A8BDA /* Constant.swift */,
			);
			path = Extension;
			sourceTree = "<group>";
		};
/* End PBXGroup section */

/* Begin PBXNativeTarget section */
		D58D3EA4281FF3FF007A8BDA /* PIXO */ = {
			isa = PBXNativeTarget;
			buildConfigurationList = D58D3EB9281FF401007A8BDA /* Build configuration list for PBXNativeTarget "PIXO" */;
			buildPhases = (
				D58D3EA1281FF3FF007A8BDA /* Sources */,
				D58D3EA2281FF3FF007A8BDA /* Frameworks */,
				D58D3EA3281FF3FF007A8BDA /* Resources */,
			);
			buildRules = (
			);
			dependencies = (
			);
			name = PIXO;
			packageProductDependencies = (
				D58D3ED728294CE9007A8BDA /* Then */,
				D58D3EDA28294CF7007A8BDA /* SnapKit */,
			);
			productName = PIXO;
			productReference = D58D3EA5281FF3FF007A8BDA /* PIXO.app */;
			productType = "com.apple.product-type.application";
		};
		D58D3ECA28294C42007A8BDA /* PIXOUITests */ = {
			isa = PBXNativeTarget;
			buildConfigurationList = D58D3ED328294C42007A8BDA /* Build configuration list for PBXNativeTarget "PIXOUITests" */;
			buildPhases = (
				D58D3EC728294C42007A8BDA /* Sources */,
				D58D3EC828294C42007A8BDA /* Frameworks */,
				D58D3EC928294C42007A8BDA /* Resources */,
			);
			buildRules = (
			);
			dependencies = (
				D58D3ED228294C42007A8BDA /* PBXTargetDependency */,
			);
			name = PIXOUITests;
			productName = PIXOUITests;
			productReference = D58D3ECB28294C42007A8BDA /* PIXOUITests.xctest */;
			productType = "com.apple.product-type.bundle.ui-testing";
		};
/* End PBXNativeTarget section */

/* Begin PBXProject section */
		D58D3E9D281FF3FF007A8BDA /* Project object */ = {
			isa = PBXProject;
			attributes = {
				BuildIndependentTargetsInParallel = 1;
				LastSwiftUpdateCheck = 1320;
				LastUpgradeCheck = 1320;
				TargetAttributes = {
					D58D3EA4281FF3FF007A8BDA = {
						CreatedOnToolsVersion = 13.2.1;
					};
					D58D3ECA28294C42007A8BDA = {
						CreatedOnToolsVersion = 13.2.1;
						TestTargetID = D58D3EA4281FF3FF007A8BDA;
					};
				};
			};
			buildConfigurationList = D58D3EA0281FF3FF007A8BDA /* Build configuration list for PBXProject "PIXO" */;
			compatibilityVersion = "Xcode 13.0";
			developmentRegion = en;
			hasScannedForEncodings = 0;
			knownRegions = (
				en,
				Base,
			);
			mainGroup = D58D3E9C281FF3FF007A8BDA;
			packageReferences = (
				D58D3ED628294CE9007A8BDA /* XCRemoteSwiftPackageReference "Then" */,
				D58D3ED928294CF7007A8BDA /* XCRemoteSwiftPackageReference "SnapKit" */,
			);
			productRefGroup = D58D3EA6281FF3FF007A8BDA /* Products */;
			projectDirPath = "";
			projectRoot = "";
			targets = (
				D58D3EA4281FF3FF007A8BDA /* PIXO */,
				D58D3ECA28294C42007A8BDA /* PIXOUITests */,
			);
		};
/* End PBXProject section */

/* Begin PBXResourcesBuildPhase section */
		D58D3EA3281FF3FF007A8BDA /* Resources */ = {
			isa = PBXResourcesBuildPhase;
			buildActionMask = 2147483647;
			files = (
				D58D3EB5281FF401007A8BDA /* LaunchScreen.storyboard in Resources */,
				D58D3EB2281FF401007A8BDA /* Assets.xcassets in Resources */,
			);
			runOnlyForDeploymentPostprocessing = 0;
		};
		D58D3EC928294C42007A8BDA /* Resources */ = {
			isa = PBXResourcesBuildPhase;
			buildActionMask = 2147483647;
			files = (
			);
			runOnlyForDeploymentPostprocessing = 0;
		};
/* End PBXResourcesBuildPhase section */

/* Begin PBXSourcesBuildPhase section */
		D58D3EA1281FF3FF007A8BDA /* Sources */ = {
			isa = PBXSourcesBuildPhase;
			buildActionMask = 2147483647;
			files = (
				D58D3EC428293D60007A8BDA /* PhotoPickerViewModel.swift in Sources */,
				D58D3EC628293D94007A8BDA /* PhotoPickerView.swift in Sources */,
				D58D3EAD281FF3FF007A8BDA /* ViewController.swift in Sources */,
				D58D3EE0282952CB007A8BDA /* Constant.swift in Sources */,
				D58D3EBE28293B86007A8BDA /* PhotoPickerViewController.swift in Sources */,
				D58D3EDD282951C0007A8BDA /* PhotoPickerCollectionViewCell.swift in Sources */,
				D58D3EA9281FF3FF007A8BDA /* AppDelegate.swift in Sources */,
				D58D3EAB281FF3FF007A8BDA /* SceneDelegate.swift in Sources */,
			);
			runOnlyForDeploymentPostprocessing = 0;
		};
		D58D3EC728294C42007A8BDA /* Sources */ = {
			isa = PBXSourcesBuildPhase;
			buildActionMask = 2147483647;
			files = (
				D58D3ED028294C42007A8BDA /* PIXOUITestsLaunchTests.swift in Sources */,
				D58D3ECE28294C42007A8BDA /* PIXOUITests.swift in Sources */,
			);
			runOnlyForDeploymentPostprocessing = 0;
		};
/* End PBXSourcesBuildPhase section */

/* Begin PBXTargetDependency section */
		D58D3ED228294C42007A8BDA /* PBXTargetDependency */ = {
			isa = PBXTargetDependency;
			target = D58D3EA4281FF3FF007A8BDA /* PIXO */;
			targetProxy = D58D3ED128294C42007A8BDA /* PBXContainerItemProxy */;
		};
/* End PBXTargetDependency section */

/* Begin PBXVariantGroup section */
		D58D3EB3281FF401007A8BDA /* LaunchScreen.storyboard */ = {
			isa = PBXVariantGroup;
			children = (
				D58D3EB4281FF401007A8BDA /* Base */,
			);
			name = LaunchScreen.storyboard;
			sourceTree = "<group>";
		};
/* End PBXVariantGroup section */

/* Begin XCBuildConfiguration section */
		D58D3EB7281FF401007A8BDA /* Debug */ = {
			isa = XCBuildConfiguration;
			buildSettings = {
				ALWAYS_SEARCH_USER_PATHS = NO;
				CLANG_ANALYZER_NONNULL = YES;
				CLANG_ANALYZER_NUMBER_OBJECT_CONVERSION = YES_AGGRESSIVE;
				CLANG_CXX_LANGUAGE_STANDARD = "gnu++17";
				CLANG_CXX_LIBRARY = "libc++";
				CLANG_ENABLE_MODULES = YES;
				CLANG_ENABLE_OBJC_ARC = YES;
				CLANG_ENABLE_OBJC_WEAK = YES;
				CLANG_WARN_BLOCK_CAPTURE_AUTORELEASING = YES;
				CLANG_WARN_BOOL_CONVERSION = YES;
				CLANG_WARN_COMMA = YES;
				CLANG_WARN_CONSTANT_CONVERSION = YES;
				CLANG_WARN_DEPRECATED_OBJC_IMPLEMENTATIONS = YES;
				CLANG_WARN_DIRECT_OBJC_ISA_USAGE = YES_ERROR;
				CLANG_WARN_DOCUMENTATION_COMMENTS = YES;
				CLANG_WARN_EMPTY_BODY = YES;
				CLANG_WARN_ENUM_CONVERSION = YES;
				CLANG_WARN_INFINITE_RECURSION = YES;
				CLANG_WARN_INT_CONVERSION = YES;
				CLANG_WARN_NON_LITERAL_NULL_CONVERSION = YES;
				CLANG_WARN_OBJC_IMPLICIT_RETAIN_SELF = YES;
				CLANG_WARN_OBJC_LITERAL_CONVERSION = YES;
				CLANG_WARN_OBJC_ROOT_CLASS = YES_ERROR;
				CLANG_WARN_QUOTED_INCLUDE_IN_FRAMEWORK_HEADER = YES;
				CLANG_WARN_RANGE_LOOP_ANALYSIS = YES;
				CLANG_WARN_STRICT_PROTOTYPES = YES;
				CLANG_WARN_SUSPICIOUS_MOVE = YES;
				CLANG_WARN_UNGUARDED_AVAILABILITY = YES_AGGRESSIVE;
				CLANG_WARN_UNREACHABLE_CODE = YES;
				CLANG_WARN__DUPLICATE_METHOD_MATCH = YES;
				COPY_PHASE_STRIP = NO;
				DEBUG_INFORMATION_FORMAT = dwarf;
				ENABLE_STRICT_OBJC_MSGSEND = YES;
				ENABLE_TESTABILITY = YES;
				GCC_C_LANGUAGE_STANDARD = gnu11;
				GCC_DYNAMIC_NO_PIC = NO;
				GCC_NO_COMMON_BLOCKS = YES;
				GCC_OPTIMIZATION_LEVEL = 0;
				GCC_PREPROCESSOR_DEFINITIONS = (
					"DEBUG=1",
					"$(inherited)",
				);
				GCC_WARN_64_TO_32_BIT_CONVERSION = YES;
				GCC_WARN_ABOUT_RETURN_TYPE = YES_ERROR;
				GCC_WARN_UNDECLARED_SELECTOR = YES;
				GCC_WARN_UNINITIALIZED_AUTOS = YES_AGGRESSIVE;
				GCC_WARN_UNUSED_FUNCTION = YES;
				GCC_WARN_UNUSED_VARIABLE = YES;
				IPHONEOS_DEPLOYMENT_TARGET = 13.0;
				MTL_ENABLE_DEBUG_INFO = INCLUDE_SOURCE;
				MTL_FAST_MATH = YES;
				ONLY_ACTIVE_ARCH = YES;
				SDKROOT = iphoneos;
				SWIFT_ACTIVE_COMPILATION_CONDITIONS = DEBUG;
				SWIFT_OPTIMIZATION_LEVEL = "-Onone";
			};
			name = Debug;
		};
		D58D3EB8281FF401007A8BDA /* Release */ = {
			isa = XCBuildConfiguration;
			buildSettings = {
				ALWAYS_SEARCH_USER_PATHS = NO;
				CLANG_ANALYZER_NONNULL = YES;
				CLANG_ANALYZER_NUMBER_OBJECT_CONVERSION = YES_AGGRESSIVE;
				CLANG_CXX_LANGUAGE_STANDARD = "gnu++17";
				CLANG_CXX_LIBRARY = "libc++";
				CLANG_ENABLE_MODULES = YES;
				CLANG_ENABLE_OBJC_ARC = YES;
				CLANG_ENABLE_OBJC_WEAK = YES;
				CLANG_WARN_BLOCK_CAPTURE_AUTORELEASING = YES;
				CLANG_WARN_BOOL_CONVERSION = YES;
				CLANG_WARN_COMMA = YES;
				CLANG_WARN_CONSTANT_CONVERSION = YES;
				CLANG_WARN_DEPRECATED_OBJC_IMPLEMENTATIONS = YES;
				CLANG_WARN_DIRECT_OBJC_ISA_USAGE = YES_ERROR;
				CLANG_WARN_DOCUMENTATION_COMMENTS = YES;
				CLANG_WARN_EMPTY_BODY = YES;
				CLANG_WARN_ENUM_CONVERSION = YES;
				CLANG_WARN_INFINITE_RECURSION = YES;
				CLANG_WARN_INT_CONVERSION = YES;
				CLANG_WARN_NON_LITERAL_NULL_CONVERSION = YES;
				CLANG_WARN_OBJC_IMPLICIT_RETAIN_SELF = YES;
				CLANG_WARN_OBJC_LITERAL_CONVERSION = YES;
				CLANG_WARN_OBJC_ROOT_CLASS = YES_ERROR;
				CLANG_WARN_QUOTED_INCLUDE_IN_FRAMEWORK_HEADER = YES;
				CLANG_WARN_RANGE_LOOP_ANALYSIS = YES;
				CLANG_WARN_STRICT_PROTOTYPES = YES;
				CLANG_WARN_SUSPICIOUS_MOVE = YES;
				CLANG_WARN_UNGUARDED_AVAILABILITY = YES_AGGRESSIVE;
				CLANG_WARN_UNREACHABLE_CODE = YES;
				CLANG_WARN__DUPLICATE_METHOD_MATCH = YES;
				COPY_PHASE_STRIP = NO;
				DEBUG_INFORMATION_FORMAT = "dwarf-with-dsym";
				ENABLE_NS_ASSERTIONS = NO;
				ENABLE_STRICT_OBJC_MSGSEND = YES;
				GCC_C_LANGUAGE_STANDARD = gnu11;
				GCC_NO_COMMON_BLOCKS = YES;
				GCC_WARN_64_TO_32_BIT_CONVERSION = YES;
				GCC_WARN_ABOUT_RETURN_TYPE = YES_ERROR;
				GCC_WARN_UNDECLARED_SELECTOR = YES;
				GCC_WARN_UNINITIALIZED_AUTOS = YES_AGGRESSIVE;
				GCC_WARN_UNUSED_FUNCTION = YES;
				GCC_WARN_UNUSED_VARIABLE = YES;
				IPHONEOS_DEPLOYMENT_TARGET = 13.0;
				MTL_ENABLE_DEBUG_INFO = NO;
				MTL_FAST_MATH = YES;
				SDKROOT = iphoneos;
				SWIFT_COMPILATION_MODE = wholemodule;
				SWIFT_OPTIMIZATION_LEVEL = "-O";
				VALIDATE_PRODUCT = YES;
			};
			name = Release;
		};
		D58D3EBA281FF401007A8BDA /* Debug */ = {
			isa = XCBuildConfiguration;
			buildSettings = {
				ASSETCATALOG_COMPILER_APPICON_NAME = AppIcon;
				ASSETCATALOG_COMPILER_GLOBAL_ACCENT_COLOR_NAME = AccentColor;
				CODE_SIGN_STYLE = Automatic;
				CURRENT_PROJECT_VERSION = 1;
				DEVELOPMENT_TEAM = SJDR485DTV;
				GENERATE_INFOPLIST_FILE = YES;
				INFOPLIST_FILE = PIXO/Info.plist;
				INFOPLIST_KEY_UIApplicationSupportsIndirectInputEvents = YES;
				INFOPLIST_KEY_UILaunchStoryboardName = LaunchScreen;
				INFOPLIST_KEY_UISupportedInterfaceOrientations = UIInterfaceOrientationPortrait;
				INFOPLIST_KEY_UISupportedInterfaceOrientations_iPad = "UIInterfaceOrientationPortrait UIInterfaceOrientationPortraitUpsideDown UIInterfaceOrientationLandscapeLeft UIInterfaceOrientationLandscapeRight";
				INFOPLIST_KEY_UISupportedInterfaceOrientations_iPhone = "UIInterfaceOrientationPortrait UIInterfaceOrientationLandscapeLeft UIInterfaceOrientationLandscapeRight";
				LD_RUNPATH_SEARCH_PATHS = (
					"$(inherited)",
					"@executable_path/Frameworks",
				);
				MARKETING_VERSION = 1.0;
				PRODUCT_BUNDLE_IDENTIFIER = com.kangho.PIXO;
				PRODUCT_NAME = "$(TARGET_NAME)";
				SWIFT_EMIT_LOC_STRINGS = YES;
				SWIFT_VERSION = 5.0;
				TARGETED_DEVICE_FAMILY = 1;
			};
			name = Debug;
		};
		D58D3EBB281FF401007A8BDA /* Release */ = {
			isa = XCBuildConfiguration;
			buildSettings = {
				ASSETCATALOG_COMPILER_APPICON_NAME = AppIcon;
				ASSETCATALOG_COMPILER_GLOBAL_ACCENT_COLOR_NAME = AccentColor;
				CODE_SIGN_STYLE = Automatic;
				CURRENT_PROJECT_VERSION = 1;
				DEVELOPMENT_TEAM = SJDR485DTV;
				GENERATE_INFOPLIST_FILE = YES;
				INFOPLIST_FILE = PIXO/Info.plist;
				INFOPLIST_KEY_UIApplicationSupportsIndirectInputEvents = YES;
				INFOPLIST_KEY_UILaunchStoryboardName = LaunchScreen;
				INFOPLIST_KEY_UISupportedInterfaceOrientations = UIInterfaceOrientationPortrait;
				INFOPLIST_KEY_UISupportedInterfaceOrientations_iPad = "UIInterfaceOrientationPortrait UIInterfaceOrientationPortraitUpsideDown UIInterfaceOrientationLandscapeLeft UIInterfaceOrientationLandscapeRight";
				INFOPLIST_KEY_UISupportedInterfaceOrientations_iPhone = "UIInterfaceOrientationPortrait UIInterfaceOrientationLandscapeLeft UIInterfaceOrientationLandscapeRight";
				LD_RUNPATH_SEARCH_PATHS = (
					"$(inherited)",
					"@executable_path/Frameworks",
				);
				MARKETING_VERSION = 1.0;
				PRODUCT_BUNDLE_IDENTIFIER = com.kangho.PIXO;
				PRODUCT_NAME = "$(TARGET_NAME)";
				SWIFT_EMIT_LOC_STRINGS = YES;
				SWIFT_VERSION = 5.0;
				TARGETED_DEVICE_FAMILY = 1;
			};
			name = Release;
		};
		D58D3ED428294C42007A8BDA /* Debug */ = {
			isa = XCBuildConfiguration;
			buildSettings = {
				CODE_SIGN_STYLE = Automatic;
				CURRENT_PROJECT_VERSION = 1;
				DEVELOPMENT_TEAM = SJDR485DTV;
				GENERATE_INFOPLIST_FILE = YES;
				IPHONEOS_DEPLOYMENT_TARGET = 15.2;
				MARKETING_VERSION = 1.0;
				PRODUCT_BUNDLE_IDENTIFIER = com.kangho.PIXOUITests;
				PRODUCT_NAME = "$(TARGET_NAME)";
				SWIFT_EMIT_LOC_STRINGS = NO;
				SWIFT_VERSION = 5.0;
				TARGETED_DEVICE_FAMILY = "1,2";
				TEST_TARGET_NAME = PIXO;
			};
			name = Debug;
		};
		D58D3ED528294C42007A8BDA /* Release */ = {
			isa = XCBuildConfiguration;
			buildSettings = {
				CODE_SIGN_STYLE = Automatic;
				CURRENT_PROJECT_VERSION = 1;
				DEVELOPMENT_TEAM = SJDR485DTV;
				GENERATE_INFOPLIST_FILE = YES;
				IPHONEOS_DEPLOYMENT_TARGET = 15.2;
				MARKETING_VERSION = 1.0;
				PRODUCT_BUNDLE_IDENTIFIER = com.kangho.PIXOUITests;
				PRODUCT_NAME = "$(TARGET_NAME)";
				SWIFT_EMIT_LOC_STRINGS = NO;
				SWIFT_VERSION = 5.0;
				TARGETED_DEVICE_FAMILY = "1,2";
				TEST_TARGET_NAME = PIXO;
			};
			name = Release;
		};
/* End XCBuildConfiguration section */

/* Begin XCConfigurationList section */
		D58D3EA0281FF3FF007A8BDA /* Build configuration list for PBXProject "PIXO" */ = {
			isa = XCConfigurationList;
			buildConfigurations = (
				D58D3EB7281FF401007A8BDA /* Debug */,
				D58D3EB8281FF401007A8BDA /* Release */,
			);
			defaultConfigurationIsVisible = 0;
			defaultConfigurationName = Release;
		};
		D58D3EB9281FF401007A8BDA /* Build configuration list for PBXNativeTarget "PIXO" */ = {
			isa = XCConfigurationList;
			buildConfigurations = (
				D58D3EBA281FF401007A8BDA /* Debug */,
				D58D3EBB281FF401007A8BDA /* Release */,
			);
			defaultConfigurationIsVisible = 0;
			defaultConfigurationName = Release;
		};
		D58D3ED328294C42007A8BDA /* Build configuration list for PBXNativeTarget "PIXOUITests" */ = {
			isa = XCConfigurationList;
			buildConfigurations = (
				D58D3ED428294C42007A8BDA /* Debug */,
				D58D3ED528294C42007A8BDA /* Release */,
			);
			defaultConfigurationIsVisible = 0;
			defaultConfigurationName = Release;
		};
/* End XCConfigurationList section */

/* Begin XCRemoteSwiftPackageReference section */
		D58D3ED628294CE9007A8BDA /* XCRemoteSwiftPackageReference "Then" */ = {
			isa = XCRemoteSwiftPackageReference;
			repositoryURL = "https://github.com/devxoul/Then.git";
			requirement = {
				branch = master;
				kind = branch;
			};
		};
		D58D3ED928294CF7007A8BDA /* XCRemoteSwiftPackageReference "SnapKit" */ = {
			isa = XCRemoteSwiftPackageReference;
			repositoryURL = "https://github.com/SnapKit/SnapKit.git";
			requirement = {
				branch = develop;
				kind = branch;
			};
		};
/* End XCRemoteSwiftPackageReference section */

/* Begin XCSwiftPackageProductDependency section */
		D58D3ED728294CE9007A8BDA /* Then */ = {
			isa = XCSwiftPackageProductDependency;
			package = D58D3ED628294CE9007A8BDA /* XCRemoteSwiftPackageReference "Then" */;
			productName = Then;
		};
		D58D3EDA28294CF7007A8BDA /* SnapKit */ = {
			isa = XCSwiftPackageProductDependency;
			package = D58D3ED928294CF7007A8BDA /* XCRemoteSwiftPackageReference "SnapKit" */;
			productName = SnapKit;
		};
/* End XCSwiftPackageProductDependency section */
	};
	rootObject = D58D3E9D281FF3FF007A8BDA /* Project object */;
}
